{
  "requires": true,
  "lockfileVersion": 1,
  "dependencies": {
    "@codemirror/highlight": {
      "version": "0.18.3",
      "resolved": "https://registry.npmjs.org/@codemirror/highlight/-/highlight-0.18.3.tgz",
      "integrity": "sha512-NmRmkmWl8ht6Y6Y39ghov84AMPCqhUPIH9fmILs2NaWxZFZf4jGCTzrULnmREGsTie+26+LbKUncIU+PBu1Qng==",
      "requires": {
        "@codemirror/language": "^0.18.0",
        "@codemirror/rangeset": "^0.18.0",
        "@codemirror/state": "^0.18.0",
        "@codemirror/view": "^0.18.0",
        "lezer-tree": "^0.13.0",
        "style-mod": "^4.0.0"
      }
    },
    "@codemirror/language": {
      "version": "0.18.0",
      "resolved": "https://registry.npmjs.org/@codemirror/language/-/language-0.18.0.tgz",
      "integrity": "sha512-gryu0Sej1vG3S3njwsJ+bhz9zLoJxZ2TahLlxpqOB3uqVGZrGDyE+GmZBnA6I3hwHvaO1O4WXKScVsKoW6HqFA==",
      "requires": {
        "@codemirror/state": "^0.18.0",
        "@codemirror/text": "^0.18.0",
        "@codemirror/view": "^0.18.0",
        "lezer": "^0.13.4",
        "lezer-tree": "^0.13.0"
      }
    },
    "@codemirror/legacy-modes": {
      "version": "0.18.0",
      "resolved": "https://registry.npmjs.org/@codemirror/legacy-modes/-/legacy-modes-0.18.0.tgz",
      "integrity": "sha512-ME/FnBTRf+nriCB1Racmwhl3tSSnIOobhLyK0kOX6mogKdcdkRxSVpeo1fAC8DddsXqi/NKRn8GUr/vUiHefdg==",
      "requires": {
        "@codemirror/stream-parser": "^0.18.0"
      }
    },
    "@codemirror/rangeset": {
      "version": "0.18.0",
      "resolved": "https://registry.npmjs.org/@codemirror/rangeset/-/rangeset-0.18.0.tgz",
      "integrity": "sha512-+dpK3T6EFv2vkoAc3sTZld0N5SHZDjD3YowFYuMWn0Xw3t+u6k+JZlGBuaFTXdsLeF0auclsm0XhRUpMVuXhTg==",
      "requires": {
        "@codemirror/state": "^0.18.0"
      }
    },
    "@codemirror/state": {
      "version": "0.18.3",
      "resolved": "https://registry.npmjs.org/@codemirror/state/-/state-0.18.3.tgz",
      "integrity": "sha512-LQlQWFAw+OLd1ufdf8o8yU/iJd88ixw8kOQ8KgEHDZJnegJOz0NafXvkFoWPiLNaiIUxif02KlZXJAPqDThZ4g==",
      "requires": {
        "@codemirror/text": "^0.18.0"
      }
    },
    "@codemirror/stream-parser": {
      "version": "0.18.1",
      "resolved": "https://registry.npmjs.org/@codemirror/stream-parser/-/stream-parser-0.18.1.tgz",
      "integrity": "sha512-Q7HXbZRbAg5SboM0/3Hw9bKX7UxRWVsrtFjeQXzti2be/VHfMUAykidqWwWHe1SSn3Me3izpw9vLNEoGCm7tBw==",
      "requires": {
        "@codemirror/highlight": "^0.18.0",
        "@codemirror/language": "^0.18.0",
        "@codemirror/state": "^0.18.0",
        "@codemirror/text": "^0.18.0",
        "lezer": "^0.13.0",
        "lezer-tree": "^0.13.0"
      }
    },
    "@codemirror/text": {
      "version": "0.18.0",
      "resolved": "https://registry.npmjs.org/@codemirror/text/-/text-0.18.0.tgz",
      "integrity": "sha512-HMzHNIAbjCiCf3tEJMRg6ul01KPuXxQGNiHlHgAnqPguq/CX+L4Nvj5JlWQAI91Pupk18zhmM1c6eaazX4YeTg=="
    },
    "@codemirror/view": {
      "version": "0.18.3",
      "resolved": "https://registry.npmjs.org/@codemirror/view/-/view-0.18.3.tgz",
      "integrity": "sha512-9scPYgDoUFRjDKjClCIxPBMZuoiATn01gKGm/OqSODUcsWQ37LS9qs/gJNdrIn8gQNlzI9wNRyBck7ycZo4Rng==",
      "requires": {
        "@codemirror/rangeset": "^0.18.0",
        "@codemirror/state": "^0.18.0",
        "@codemirror/text": "^0.18.0",
        "style-mod": "^4.0.0",
        "w3c-keyname": "^2.2.4"
      }
    },
    "lezer": {
      "version": "0.13.4",
      "resolved": "https://registry.npmjs.org/lezer/-/lezer-0.13.4.tgz",
      "integrity": "sha512-cLQxUVY28VBBqKBt/R8CYeH57KQnIvscAnoahzvhlZTK8qxMkIyGExR6ecEpYYDX06ZhROZrEm1IiPvjLAsTig==",
      "requires": {
        "lezer-tree": "^0.13.2"
      }
    },
    "lezer-tree": {
      "version": "0.13.2",
      "resolved": "https://registry.npmjs.org/lezer-tree/-/lezer-tree-0.13.2.tgz",
      "integrity": "sha512-15ZxW8TxVNAOkHIo43Iouv4zbSkQQ5chQHBpwXcD2bBFz46RB4jYLEEww5l1V0xyIx9U2clSyyrLes+hAUFrGQ=="
    },
    "style-mod": {
      "version": "4.0.0",
      "resolved": "https://registry.npmjs.org/style-mod/-/style-mod-4.0.0.tgz",
      "integrity": "sha512-OPhtyEjyyN9x3nhPsu76f52yUGXiZcgvsrFVtvTkyGRQJ0XK+GPc6ov1z+lRpbeabka+MYEQxOYRnt5nF30aMw=="
    },
    "w3c-keyname": {
      "version": "2.2.4",
      "resolved": "https://registry.npmjs.org/w3c-keyname/-/w3c-keyname-2.2.4.tgz",
      "integrity": "sha512-tOhfEwEzFLJzf6d1ZPkYfGj+FWhIpBux9ppoP3rlclw3Z0BZv3N7b7030Z1kYth+6rDuAsXUFr+d0VE6Ed1ikw=="
    }
  }
}
